
Microsoft Visual Studio Solution File, Format Version 12.00
# Visual Studio Version 17
VisualStudioVersion = 17.7.33913.275
MinimumVisualStudioVersion = 10.0.40219.1
Project("{9A19103F-16F7-4668-BE54-9A1E7A4F7556}") = "SqlTools", "SqlTools\SqlTools.csproj", "{B47CEF7B-6846-4CF2-9718-D3B73F1E7E71}"
EndProject
Project("{FAE04EC0-301F-11D3-BF4B-00C04F79EFBC}") = "SqlTools.NetFramework.Tests", "SqlTools.NetFramework.Tests\SqlTools.NetFramework.Tests.csproj", "{D985EE4B-CA13-405D-9C61-D994B5F49A36}"
EndProject
Global
	GlobalSection(SolutionConfigurationPlatforms) = preSolution
		Debug|Any CPU = Debug|Any CPU
		Release|Any CPU = Release|Any CPU
	EndGlobalSection
	GlobalSection(ProjectConfigurationPlatforms) = postSolution
		{B47CEF7B-6846-4CF2-9718-D3B73F1E7E71}.Debug|Any CPU.ActiveCfg = Debug|Any CPU
		{B47CEF7B-6846-4CF2-9718-D3B73F1E7E71}.Debug|Any CPU.Build.0 = Debug|Any CPU
		{B47CEF7B-6846-4CF2-9718-D3B73F1E7E71}.Release|Any CPU.ActiveCfg = Release|Any CPU
		{B47CEF7B-6846-4CF2-9718-D3B73F1E7E71}.Release|Any CPU.Build.0 = Release|Any CPU
		{D985EE4B-CA13-405D-9C61-D994B5F49A36}.Debug|Any CPU.ActiveCfg = Debug|Any CPU
		{D985EE4B-CA13-405D-9C61-D994B5F49A36}.Debug|Any CPU.Build.0 = Debug|Any CPU
		{D985EE4B-CA13-405D-9C61-D994B5F49A36}.Release|Any CPU.ActiveCfg = Release|Any CPU
		{D985EE4B-CA13-405D-9C61-D994B5F49A36}.Release|Any CPU.Build.0 = Release|Any CPU
	EndGlobalSection
	GlobalSection(SolutionProperties) = preSolution
		HideSolutionNode = FALSE
	EndGlobalSection
	GlobalSection(ExtensibilityGlobals) = postSolution
		SolutionGuid = {B4296876-FF4E-4AAB-96EF-F280F523C4A1}
	EndGlobalSection
EndGlobal
